
Microsoft Visual Studio Solution File, Format Version 12.00
# Visual Studio Version 16
VisualStudioVersion = 16.0.28407.52
MinimumVisualStudioVersion = 10.0.40219.1
Project("{FAE04EC0-301F-11D3-BF4B-00C04F79EFBC}") = "Secure Car Jack", "Secure Car Jack.csproj", "{310E0B49-FB86-4ACB-B5F7-B415CE36798E}"
EndProject
Global
	GlobalSection(SolutionConfigurationPlatforms) = preSolution
		Debug|Any CPU = Debug|Any CPU
		Release|Any CPU = Release|Any CPU
	EndGlobalSection
	GlobalSection(ProjectConfigurationPlatforms) = postSolution
		{310E0B49-FB86-4ACB-B5F7-B415CE36798E}.Debug|Any CPU.ActiveCfg = Debug|Any CPU
		{310E0B49-FB86-4ACB-B5F7-B415CE36798E}.Debug|Any CPU.Build.0 = Debug|Any CPU
		{310E0B49-FB86-4ACB-B5F7-B415CE36798E}.Release|Any CPU.ActiveCfg = Release|Any CPU
		{310E0B49-FB86-4ACB-B5F7-B415CE36798E}.Release|Any CPU.Build.0 = Release|Any CPU
	EndGlobalSection
	GlobalSection(SolutionProperties) = preSolution
		HideSolutionNode = FALSE
	EndGlobalSection
	GlobalSection(ExtensibilityGlobals) = postSolution
		SolutionGuid = {697F9BA6-234E-4244-9B33-5BA1A9643501}
	EndGlobalSection
EndGlobal
